{
    "_meta": {
        "hash": {
            "sha256": "fca069007685859e0d128843a40fb9c9059a39ab5e35fa322591d3b1a3714034"
        },
        "pipfile-spec": 6,
        "requires": {
            "python_version": "3.7"
        },
        "sources": [
            {
                "name": "pypi",
                "url": "https://pypi.python.org/simple",
                "verify_ssl": true
            }
        ]
    },
    "default": {
        "xlsxwriter": {
            "hashes": [
                "sha256:828b3285fc95105f5b1946a6a015b31cf388bd5378fdc6604e4d1b7839df2e77",
                "sha256:82a3b0e73e3913483da23791d1a25e4d2dbb3837d1be4129473526b9a270a5cc"
            ],
            "index": "pypi",
            "version": "==1.2.9"
        }
    },
    "develop": {}
}
